
Microsoft Visual Studio Solution File, Format Version 12.00
# Visual Studio 15
VisualStudioVersion = 15.0.26730.16
MinimumVisualStudioVersion = 10.0.40219.1
Project("{FAE04EC0-301F-11D3-BF4B-00C04F79EFBC}") = "OrdenacaoProject", "TP_ORDENACAO\OrdenacaoProject.csproj", "{C8B9C2DA-B8F7-46BE-B589-E9942EC568F5}"
EndProject
Project("{FAE04EC0-301F-11D3-BF4B-00C04F79EFBC}") = "TestesProject", "TestesProject\TestesProject.csproj", "{FE2C4FEA-B555-4752-88A3-F94C501B48FB}"
EndProject
Global
	GlobalSection(SolutionConfigurationPlatforms) = preSolution
		Debug|Any CPU = Debug|Any CPU
		Release|Any CPU = Release|Any CPU
	EndGlobalSection
	GlobalSection(ProjectConfigurationPlatforms) = postSolution
		{C8B9C2DA-B8F7-46BE-B589-E9942EC568F5}.Debug|Any CPU.ActiveCfg = Debug|Any CPU
		{C8B9C2DA-B8F7-46BE-B589-E9942EC568F5}.Debug|Any CPU.Build.0 = Debug|Any CPU
		{C8B9C2DA-B8F7-46BE-B589-E9942EC568F5}.Release|Any CPU.ActiveCfg = Release|Any CPU
		{C8B9C2DA-B8F7-46BE-B589-E9942EC568F5}.Release|Any CPU.Build.0 = Release|Any CPU
		{FE2C4FEA-B555-4752-88A3-F94C501B48FB}.Debug|Any CPU.ActiveCfg = Debug|Any CPU
		{FE2C4FEA-B555-4752-88A3-F94C501B48FB}.Debug|Any CPU.Build.0 = Debug|Any CPU
		{FE2C4FEA-B555-4752-88A3-F94C501B48FB}.Release|Any CPU.ActiveCfg = Release|Any CPU
		{FE2C4FEA-B555-4752-88A3-F94C501B48FB}.Release|Any CPU.Build.0 = Release|Any CPU
	EndGlobalSection
	GlobalSection(SolutionProperties) = preSolution
		HideSolutionNode = FALSE
	EndGlobalSection
	GlobalSection(ExtensibilityGlobals) = postSolution
		SolutionGuid = {6D2A68A0-469E-42D4-8971-24BD639B31FC}
	EndGlobalSection
EndGlobal
